// !$*UTF8*$!
{
	archiveVersion = 1;
	classes = {
	};
	objectVersion = 55;
	objects = {

/* Begin PBXBuildFile section */
		4A684C024BEA8BD7B2FB27E4 /* Pods_Bunjang.framework in Frameworks */ = {isa = PBXBuildFile; fileRef = CE161FE9BDC81E7C980CD2E4 /* Pods_Bunjang.framework */; };
		AB0039C328B21B06009932D8 /* UIButton.swift in Sources */ = {isa = PBXBuildFile; fileRef = AB0039C228B21B06009932D8 /* UIButton.swift */; };
		AB0039C828B22DB6009932D8 /* TabBarViewController.swift in Sources */ = {isa = PBXBuildFile; fileRef = AB0039C728B22DB6009932D8 /* TabBarViewController.swift */; };
		AB0039CE28B24AC1009932D8 /* UITextField.swift in Sources */ = {isa = PBXBuildFile; fileRef = AB0039CD28B24AC1009932D8 /* UITextField.swift */; };
		AB0039D028B2589E009932D8 /* AddViewController.swift in Sources */ = {isa = PBXBuildFile; fileRef = AB0039CF28B2589E009932D8 /* AddViewController.swift */; };
		AB0039D228B2714D009932D8 /* OptionViewController.swift in Sources */ = {isa = PBXBuildFile; fileRef = AB0039D128B2714D009932D8 /* OptionViewController.swift */; };
		AB0039D528B281DA009932D8 /* Option.swift in Sources */ = {isa = PBXBuildFile; fileRef = AB0039D428B281DA009932D8 /* Option.swift */; };
		AB0039D728B2872A009932D8 /* CategoryViewController.swift in Sources */ = {isa = PBXBuildFile; fileRef = AB0039D628B2872A009932D8 /* CategoryViewController.swift */; };
		AB0039DB28B288C5009932D8 /* CategoryTableViewCell.swift in Sources */ = {isa = PBXBuildFile; fileRef = AB0039D928B288C5009932D8 /* CategoryTableViewCell.swift */; };
		AB0039DC28B288C5009932D8 /* CategoryTableViewCell.xib in Resources */ = {isa = PBXBuildFile; fileRef = AB0039DA28B288C5009932D8 /* CategoryTableViewCell.xib */; };
		AB0C294C28B6977F0054CCA2 /* ViewSaleListResponse.swift in Sources */ = {isa = PBXBuildFile; fileRef = AB0C294B28B6977F0054CCA2 /* ViewSaleListResponse.swift */; };
		AB0C294E28B698740054CCA2 /* ViewSaleListDataManager.swift in Sources */ = {isa = PBXBuildFile; fileRef = AB0C294D28B698740054CCA2 /* ViewSaleListDataManager.swift */; };
		AB16402328B1359D0085CEC5 /* BrandTableViewCell.swift in Sources */ = {isa = PBXBuildFile; fileRef = AB16402128B1359D0085CEC5 /* BrandTableViewCell.swift */; };
		AB16402428B1359D0085CEC5 /* BrandTableViewCell.xib in Resources */ = {isa = PBXBuildFile; fileRef = AB16402228B1359D0085CEC5 /* BrandTableViewCell.xib */; };
		AB16402728B138230085CEC5 /* SimpleProductCollectionViewCell.swift in Sources */ = {isa = PBXBuildFile; fileRef = AB16402528B138230085CEC5 /* SimpleProductCollectionViewCell.swift */; };
		AB16402828B138230085CEC5 /* SimpleProductCollectionViewCell.xib in Resources */ = {isa = PBXBuildFile; fileRef = AB16402628B138230085CEC5 /* SimpleProductCollectionViewCell.xib */; };
		AB1A3A4A28B11F78001E47C7 /* CategoryData.swift in Sources */ = {isa = PBXBuildFile; fileRef = AB1A3A4928B11F78001E47C7 /* CategoryData.swift */; };
		AB27EE4328B1C71400278C4D /* SearchViewController.swift in Sources */ = {isa = PBXBuildFile; fileRef = AB27EE4228B1C71400278C4D /* SearchViewController.swift */; };
		AB31E6DB28B52CA600A54D82 /* SecondLoginViewController.swift in Sources */ = {isa = PBXBuildFile; fileRef = AB31E6DA28B52CA600A54D82 /* SecondLoginViewController.swift */; };
		AB31E6DF28B52EEF00A54D82 /* LoginOptionViewController.swift in Sources */ = {isa = PBXBuildFile; fileRef = AB31E6DE28B52EEF00A54D82 /* LoginOptionViewController.swift */; };
		AB31E6E728B5450800A54D82 /* SignInRequest.swift in Sources */ = {isa = PBXBuildFile; fileRef = AB31E6E628B5450800A54D82 /* SignInRequest.swift */; };
		AB31E6EA28B5472A00A54D82 /* SignInDataManager.swift in Sources */ = {isa = PBXBuildFile; fileRef = AB31E6E928B5472A00A54D82 /* SignInDataManager.swift */; };
		AB31E6EC28B549DC00A54D82 /* SignInResponse.swift in Sources */ = {isa = PBXBuildFile; fileRef = AB31E6EB28B549DC00A54D82 /* SignInResponse.swift */; };
		AB3A4B1F28B0D6120071F9FF /* BannerCollectionViewCell.swift in Sources */ = {isa = PBXBuildFile; fileRef = AB3A4B1D28B0D6120071F9FF /* BannerCollectionViewCell.swift */; };
		AB3A4B2028B0D6120071F9FF /* BannerCollectionViewCell.xib in Resources */ = {isa = PBXBuildFile; fileRef = AB3A4B1E28B0D6120071F9FF /* BannerCollectionViewCell.xib */; };
		AB3A4B2328B0DDDA0071F9FF /* CategoryCollectionViewCell.swift in Sources */ = {isa = PBXBuildFile; fileRef = AB3A4B2128B0DDDA0071F9FF /* CategoryCollectionViewCell.swift */; };
		AB3A4B2428B0DDDA0071F9FF /* CategoryCollectionViewCell.xib in Resources */ = {isa = PBXBuildFile; fileRef = AB3A4B2228B0DDDA0071F9FF /* CategoryCollectionViewCell.xib */; };
		AB425CAF28B4B0C100A37FEF /* ViewItemDataManager.swift in Sources */ = {isa = PBXBuildFile; fileRef = AB425CAE28B4B0C100A37FEF /* ViewItemDataManager.swift */; };
		AB425CB128B4CCA500A37FEF /* StateChangeViewController.swift in Sources */ = {isa = PBXBuildFile; fileRef = AB425CB028B4CCA500A37FEF /* StateChangeViewController.swift */; };
		AB425CB328B4EC0300A37FEF /* AddNavigationViewController.swift in Sources */ = {isa = PBXBuildFile; fileRef = AB425CB228B4EC0300A37FEF /* AddNavigationViewController.swift */; };
		AB425CB728B4ECED00A37FEF /* SearchNavigationViewController.swift in Sources */ = {isa = PBXBuildFile; fileRef = AB425CB628B4ECED00A37FEF /* SearchNavigationViewController.swift */; };
		AB425CBA28B51E5200A37FEF /* ExtraTableViewCell.swift in Sources */ = {isa = PBXBuildFile; fileRef = AB425CB828B51E5200A37FEF /* ExtraTableViewCell.swift */; };
		AB425CBB28B51E5200A37FEF /* ExtraTableViewCell.xib in Resources */ = {isa = PBXBuildFile; fileRef = AB425CB928B51E5200A37FEF /* ExtraTableViewCell.xib */; };
		AB425CBE28B5230700A37FEF /* FirstLoginViewController.swift in Sources */ = {isa = PBXBuildFile; fileRef = AB425CBD28B5230700A37FEF /* FirstLoginViewController.swift */; };
		AB478E8528B663CA002BE1CA /* TransactionOptionViewController.swift in Sources */ = {isa = PBXBuildFile; fileRef = AB478E8428B663CA002BE1CA /* TransactionOptionViewController.swift */; };
		AB4F161628B5CD0F0081386F /* TagCollectionViewCell.swift in Sources */ = {isa = PBXBuildFile; fileRef = AB4F161428B5CD0F0081386F /* TagCollectionViewCell.swift */; };
		AB4F161728B5CD0F0081386F /* TagCollectionViewCell.xib in Resources */ = {isa = PBXBuildFile; fileRef = AB4F161528B5CD0F0081386F /* TagCollectionViewCell.xib */; };
		AB578D6128B0A3EB00A00161 /* AppDelegate.swift in Sources */ = {isa = PBXBuildFile; fileRef = AB578D6028B0A3EB00A00161 /* AppDelegate.swift */; };
		AB578D6328B0A3EB00A00161 /* SceneDelegate.swift in Sources */ = {isa = PBXBuildFile; fileRef = AB578D6228B0A3EB00A00161 /* SceneDelegate.swift */; };
		AB578D6828B0A3EB00A00161 /* Main.storyboard in Resources */ = {isa = PBXBuildFile; fileRef = AB578D6628B0A3EB00A00161 /* Main.storyboard */; };
		AB578D6B28B0A3EC00A00161 /* Bunjang.xcdatamodeld in Sources */ = {isa = PBXBuildFile; fileRef = AB578D6928B0A3EB00A00161 /* Bunjang.xcdatamodeld */; };
		AB578D6D28B0A3EE00A00161 /* Assets.xcassets in Resources */ = {isa = PBXBuildFile; fileRef = AB578D6C28B0A3EE00A00161 /* Assets.xcassets */; };
		AB578D7028B0A3EE00A00161 /* LaunchScreen.storyboard in Resources */ = {isa = PBXBuildFile; fileRef = AB578D6E28B0A3EE00A00161 /* LaunchScreen.storyboard */; };
		AB578D7C28B0A89400A00161 /* HomeViewController.swift in Sources */ = {isa = PBXBuildFile; fileRef = AB578D7B28B0A89400A00161 /* HomeViewController.swift */; };
		AB70BA0628B3BF0700DF09B0 /* MyViewController.swift in Sources */ = {isa = PBXBuildFile; fileRef = AB70BA0528B3BF0700DF09B0 /* MyViewController.swift */; };
		AB70BA0B28B48D5D00DF09B0 /* MyHomeViewController.swift in Sources */ = {isa = PBXBuildFile; fileRef = AB70BA0A28B48D5D00DF09B0 /* MyHomeViewController.swift */; };
		AB70BA0D28B48E0000DF09B0 /* SellingViewController.swift in Sources */ = {isa = PBXBuildFile; fileRef = AB70BA0C28B48E0000DF09B0 /* SellingViewController.swift */; };
		AB70BA0F28B48E2A00DF09B0 /* ReservedViewController.swift in Sources */ = {isa = PBXBuildFile; fileRef = AB70BA0E28B48E2A00DF09B0 /* ReservedViewController.swift */; };
		AB70BA1128B48E3400DF09B0 /* SoldViewController.swift in Sources */ = {isa = PBXBuildFile; fileRef = AB70BA1028B48E3400DF09B0 /* SoldViewController.swift */; };
		AB70BA1528B4979C00DF09B0 /* SellingProductTableViewCell.swift in Sources */ = {isa = PBXBuildFile; fileRef = AB70BA1328B4979C00DF09B0 /* SellingProductTableViewCell.swift */; };
		AB70BA1628B4979C00DF09B0 /* SellingProductTableViewCell.xib in Resources */ = {isa = PBXBuildFile; fileRef = AB70BA1428B4979C00DF09B0 /* SellingProductTableViewCell.xib */; };
		AB70BA1A28B4A0F800DF09B0 /* TapMyResponse.swift in Sources */ = {isa = PBXBuildFile; fileRef = AB70BA1928B4A0F800DF09B0 /* TapMyResponse.swift */; };
		AB70BA1C28B4A18F00DF09B0 /* TapMyDataManager.swift in Sources */ = {isa = PBXBuildFile; fileRef = AB70BA1B28B4A18F00DF09B0 /* TapMyDataManager.swift */; };
		AB70FB4728B0C2D300023D90 /* TabHomeViewController.swift in Sources */ = {isa = PBXBuildFile; fileRef = AB70FB4628B0C2D300023D90 /* TabHomeViewController.swift */; };
		AB70FB4928B0C2EA00023D90 /* TabFirstViewController.swift in Sources */ = {isa = PBXBuildFile; fileRef = AB70FB4828B0C2EA00023D90 /* TabFirstViewController.swift */; };
		AB70FB4B28B0C2F600023D90 /* TabSecondViewController.swift in Sources */ = {isa = PBXBuildFile; fileRef = AB70FB4A28B0C2F600023D90 /* TabSecondViewController.swift */; };
		AB70FB4F28B0CA4300023D90 /* ProductCollectionViewCell.swift in Sources */ = {isa = PBXBuildFile; fileRef = AB70FB4D28B0CA4300023D90 /* ProductCollectionViewCell.swift */; };
		AB70FB5028B0CA4300023D90 /* ProductCollectionViewCell.xib in Resources */ = {isa = PBXBuildFile; fileRef = AB70FB4E28B0CA4300023D90 /* ProductCollectionViewCell.xib */; };
		AB916B3028B35DFB00FFC68F /* LabelPageIndicator.swift in Sources */ = {isa = PBXBuildFile; fileRef = AB916B2F28B35DFB00FFC68F /* LabelPageIndicator.swift */; };
		AB916B3628B38DA800FFC68F /* ViewItemResponse.swift in Sources */ = {isa = PBXBuildFile; fileRef = AB916B3528B38DA800FFC68F /* ViewItemResponse.swift */; };
		ABB0338F28B1F66500813620 /* ProductDetailViewController.swift in Sources */ = {isa = PBXBuildFile; fileRef = ABB0338E28B1F66500813620 /* ProductDetailViewController.swift */; };
		ABBA72A428B5DFDD00C92991 /* SearchResultViewController.swift in Sources */ = {isa = PBXBuildFile; fileRef = ABBA72A328B5DFDD00C92991 /* SearchResultViewController.swift */; };
		ABBA72A728B608B100C92991 /* SearchItemResponse.swift in Sources */ = {isa = PBXBuildFile; fileRef = ABBA72A628B608B100C92991 /* SearchItemResponse.swift */; };
		ABBA72AA28B60A0500C92991 /* SearchItemDataManager.swift in Sources */ = {isa = PBXBuildFile; fileRef = ABBA72A928B60A0500C92991 /* SearchItemDataManager.swift */; };
		ABBA72AC28B60BEB00C92991 /* String.swift in Sources */ = {isa = PBXBuildFile; fileRef = ABBA72AB28B60BEB00C92991 /* String.swift */; };
		ABBA72B028B61E9E00C92991 /* OptionFilterViewController.swift in Sources */ = {isa = PBXBuildFile; fileRef = ABBA72AF28B61E9E00C92991 /* OptionFilterViewController.swift */; };
		ABBA72B228B6441B00C92991 /* BrandListViewController.swift in Sources */ = {isa = PBXBuildFile; fileRef = ABBA72B128B6441B00C92991 /* BrandListViewController.swift */; };
		ABBA72B428B65B5800C92991 /* LoginViewController.swift in Sources */ = {isa = PBXBuildFile; fileRef = ABBA72B328B65B5800C92991 /* LoginViewController.swift */; };
		ABE1C93628B67266009E5EB1 /* UIColor.swift in Sources */ = {isa = PBXBuildFile; fileRef = ABE1C93528B67266009E5EB1 /* UIColor.swift */; };
		ABE1C93C28B69393009E5EB1 /* ViewStoreResponse.swift in Sources */ = {isa = PBXBuildFile; fileRef = ABE1C93B28B69393009E5EB1 /* ViewStoreResponse.swift */; };
/* End PBXBuildFile section */

/* Begin PBXFileReference section */
		0ACF7A8F5B79609CA6F7B8E1 /* Pods-Bunjang.release.xcconfig */ = {isa = PBXFileReference; includeInIndex = 1; lastKnownFileType = text.xcconfig; name = "Pods-Bunjang.release.xcconfig"; path = "Target Support Files/Pods-Bunjang/Pods-Bunjang.release.xcconfig"; sourceTree = "<group>"; };
		948260AFFE075CAB8FE22A5C /* Pods-Bunjang.debug.xcconfig */ = {isa = PBXFileReference; includeInIndex = 1; lastKnownFileType = text.xcconfig; name = "Pods-Bunjang.debug.xcconfig"; path = "Target Support Files/Pods-Bunjang/Pods-Bunjang.debug.xcconfig"; sourceTree = "<group>"; };
		AB0039C228B21B06009932D8 /* UIButton.swift */ = {isa = PBXFileReference; lastKnownFileType = sourcecode.swift; path = UIButton.swift; sourceTree = "<group>"; };
		AB0039C728B22DB6009932D8 /* TabBarViewController.swift */ = {isa = PBXFileReference; lastKnownFileType = sourcecode.swift; path = TabBarViewController.swift; sourceTree = "<group>"; };
		AB0039CD28B24AC1009932D8 /* UITextField.swift */ = {isa = PBXFileReference; lastKnownFileType = sourcecode.swift; path = UITextField.swift; sourceTree = "<group>"; };
		AB0039CF28B2589E009932D8 /* AddViewController.swift */ = {isa = PBXFileReference; lastKnownFileType = sourcecode.swift; path = AddViewController.swift; sourceTree = "<group>"; };
		AB0039D128B2714D009932D8 /* OptionViewController.swift */ = {isa = PBXFileReference; lastKnownFileType = sourcecode.swift; path = OptionViewController.swift; sourceTree = "<group>"; };
		AB0039D428B281DA009932D8 /* Option.swift */ = {isa = PBXFileReference; lastKnownFileType = sourcecode.swift; path = Option.swift; sourceTree = "<group>"; };
		AB0039D628B2872A009932D8 /* CategoryViewController.swift */ = {isa = PBXFileReference; lastKnownFileType = sourcecode.swift; path = CategoryViewController.swift; sourceTree = "<group>"; };
		AB0039D928B288C5009932D8 /* CategoryTableViewCell.swift */ = {isa = PBXFileReference; lastKnownFileType = sourcecode.swift; path = CategoryTableViewCell.swift; sourceTree = "<group>"; };
		AB0039DA28B288C5009932D8 /* CategoryTableViewCell.xib */ = {isa = PBXFileReference; lastKnownFileType = file.xib; path = CategoryTableViewCell.xib; sourceTree = "<group>"; };
		AB0C294B28B6977F0054CCA2 /* ViewSaleListResponse.swift */ = {isa = PBXFileReference; lastKnownFileType = sourcecode.swift; path = ViewSaleListResponse.swift; sourceTree = "<group>"; };
		AB0C294D28B698740054CCA2 /* ViewSaleListDataManager.swift */ = {isa = PBXFileReference; lastKnownFileType = sourcecode.swift; path = ViewSaleListDataManager.swift; sourceTree = "<group>"; };
		AB16402128B1359D0085CEC5 /* BrandTableViewCell.swift */ = {isa = PBXFileReference; lastKnownFileType = sourcecode.swift; path = BrandTableViewCell.swift; sourceTree = "<group>"; };
		AB16402228B1359D0085CEC5 /* BrandTableViewCell.xib */ = {isa = PBXFileReference; lastKnownFileType = file.xib; path = BrandTableViewCell.xib; sourceTree = "<group>"; };
		AB16402528B138230085CEC5 /* SimpleProductCollectionViewCell.swift */ = {isa = PBXFileReference; lastKnownFileType = sourcecode.swift; path = SimpleProductCollectionViewCell.swift; sourceTree = "<group>"; };
		AB16402628B138230085CEC5 /* SimpleProductCollectionViewCell.xib */ = {isa = PBXFileReference; lastKnownFileType = file.xib; path = SimpleProductCollectionViewCell.xib; sourceTree = "<group>"; };
		AB1A3A4928B11F78001E47C7 /* CategoryData.swift */ = {isa = PBXFileReference; lastKnownFileType = sourcecode.swift; path = CategoryData.swift; sourceTree = "<group>"; };
		AB27EE4228B1C71400278C4D /* SearchViewController.swift */ = {isa = PBXFileReference; lastKnownFileType = sourcecode.swift; path = SearchViewController.swift; sourceTree = "<group>"; };
		AB31E6DA28B52CA600A54D82 /* SecondLoginViewController.swift */ = {isa = PBXFileReference; lastKnownFileType = sourcecode.swift; path = SecondLoginViewController.swift; sourceTree = "<group>"; };
		AB31E6DE28B52EEF00A54D82 /* LoginOptionViewController.swift */ = {isa = PBXFileReference; lastKnownFileType = sourcecode.swift; path = LoginOptionViewController.swift; sourceTree = "<group>"; };
		AB31E6E628B5450800A54D82 /* SignInRequest.swift */ = {isa = PBXFileReference; lastKnownFileType = sourcecode.swift; path = SignInRequest.swift; sourceTree = "<group>"; };
		AB31E6E928B5472A00A54D82 /* SignInDataManager.swift */ = {isa = PBXFileReference; lastKnownFileType = sourcecode.swift; path = SignInDataManager.swift; sourceTree = "<group>"; };
		AB31E6EB28B549DC00A54D82 /* SignInResponse.swift */ = {isa = PBXFileReference; lastKnownFileType = sourcecode.swift; path = SignInResponse.swift; sourceTree = "<group>"; };
		AB3A4B1D28B0D6120071F9FF /* BannerCollectionViewCell.swift */ = {isa = PBXFileReference; lastKnownFileType = sourcecode.swift; path = BannerCollectionViewCell.swift; sourceTree = "<group>"; };
		AB3A4B1E28B0D6120071F9FF /* BannerCollectionViewCell.xib */ = {isa = PBXFileReference; lastKnownFileType = file.xib; path = BannerCollectionViewCell.xib; sourceTree = "<group>"; };
		AB3A4B2128B0DDDA0071F9FF /* CategoryCollectionViewCell.swift */ = {isa = PBXFileReference; lastKnownFileType = sourcecode.swift; path = CategoryCollectionViewCell.swift; sourceTree = "<group>"; };
		AB3A4B2228B0DDDA0071F9FF /* CategoryCollectionViewCell.xib */ = {isa = PBXFileReference; lastKnownFileType = file.xib; path = CategoryCollectionViewCell.xib; sourceTree = "<group>"; };
		AB425CAE28B4B0C100A37FEF /* ViewItemDataManager.swift */ = {isa = PBXFileReference; lastKnownFileType = sourcecode.swift; path = ViewItemDataManager.swift; sourceTree = "<group>"; };
		AB425CB028B4CCA500A37FEF /* StateChangeViewController.swift */ = {isa = PBXFileReference; lastKnownFileType = sourcecode.swift; path = StateChangeViewController.swift; sourceTree = "<group>"; };
		AB425CB228B4EC0300A37FEF /* AddNavigationViewController.swift */ = {isa = PBXFileReference; lastKnownFileType = sourcecode.swift; path = AddNavigationViewController.swift; sourceTree = "<group>"; };
		AB425CB628B4ECED00A37FEF /* SearchNavigationViewController.swift */ = {isa = PBXFileReference; lastKnownFileType = sourcecode.swift; path = SearchNavigationViewController.swift; sourceTree = "<group>"; };
		AB425CB828B51E5200A37FEF /* ExtraTableViewCell.swift */ = {isa = PBXFileReference; lastKnownFileType = sourcecode.swift; path = ExtraTableViewCell.swift; sourceTree = "<group>"; };
		AB425CB928B51E5200A37FEF /* ExtraTableViewCell.xib */ = {isa = PBXFileReference; lastKnownFileType = file.xib; path = ExtraTableViewCell.xib; sourceTree = "<group>"; };
		AB425CBD28B5230700A37FEF /* FirstLoginViewController.swift */ = {isa = PBXFileReference; lastKnownFileType = sourcecode.swift; path = FirstLoginViewController.swift; sourceTree = "<group>"; };
		AB478E8428B663CA002BE1CA /* TransactionOptionViewController.swift */ = {isa = PBXFileReference; lastKnownFileType = sourcecode.swift; path = TransactionOptionViewController.swift; sourceTree = "<group>"; };
		AB4F161428B5CD0F0081386F /* TagCollectionViewCell.swift */ = {isa = PBXFileReference; lastKnownFileType = sourcecode.swift; path = TagCollectionViewCell.swift; sourceTree = "<group>"; };
		AB4F161528B5CD0F0081386F /* TagCollectionViewCell.xib */ = {isa = PBXFileReference; lastKnownFileType = file.xib; path = TagCollectionViewCell.xib; sourceTree = "<group>"; };
		AB578D5D28B0A3EB00A00161 /* Bunjang.app */ = {isa = PBXFileReference; explicitFileType = wrapper.application; includeInIndex = 0; path = Bunjang.app; sourceTree = BUILT_PRODUCTS_DIR; };
		AB578D6028B0A3EB00A00161 /* AppDelegate.swift */ = {isa = PBXFileReference; lastKnownFileType = sourcecode.swift; path = AppDelegate.swift; sourceTree = "<group>"; };
		AB578D6228B0A3EB00A00161 /* SceneDelegate.swift */ = {isa = PBXFileReference; lastKnownFileType = sourcecode.swift; path = SceneDelegate.swift; sourceTree = "<group>"; };
		AB578D6728B0A3EB00A00161 /* Base */ = {isa = PBXFileReference; lastKnownFileType = file.storyboard; name = Base; path = Base.lproj/Main.storyboard; sourceTree = "<group>"; };
		AB578D6A28B0A3EB00A00161 /* Bunjang.xcdatamodel */ = {isa = PBXFileReference; lastKnownFileType = wrapper.xcdatamodel; path = Bunjang.xcdatamodel; sourceTree = "<group>"; };
		AB578D6C28B0A3EE00A00161 /* Assets.xcassets */ = {isa = PBXFileReference; lastKnownFileType = folder.assetcatalog; path = Assets.xcassets; sourceTree = "<group>"; };
		AB578D6F28B0A3EE00A00161 /* Base */ = {isa = PBXFileReference; lastKnownFileType = file.storyboard; name = Base; path = Base.lproj/LaunchScreen.storyboard; sourceTree = "<group>"; };
		AB578D7128B0A3EE00A00161 /* Info.plist */ = {isa = PBXFileReference; lastKnownFileType = text.plist.xml; path = Info.plist; sourceTree = "<group>"; };
		AB578D7B28B0A89400A00161 /* HomeViewController.swift */ = {isa = PBXFileReference; lastKnownFileType = sourcecode.swift; path = HomeViewController.swift; sourceTree = "<group>"; };
		AB70BA0528B3BF0700DF09B0 /* MyViewController.swift */ = {isa = PBXFileReference; lastKnownFileType = sourcecode.swift; path = MyViewController.swift; sourceTree = "<group>"; };
		AB70BA0A28B48D5D00DF09B0 /* MyHomeViewController.swift */ = {isa = PBXFileReference; lastKnownFileType = sourcecode.swift; path = MyHomeViewController.swift; sourceTree = "<group>"; };
		AB70BA0C28B48E0000DF09B0 /* SellingViewController.swift */ = {isa = PBXFileReference; lastKnownFileType = sourcecode.swift; path = SellingViewController.swift; sourceTree = "<group>"; };
		AB70BA0E28B48E2A00DF09B0 /* ReservedViewController.swift */ = {isa = PBXFileReference; lastKnownFileType = sourcecode.swift; path = ReservedViewController.swift; sourceTree = "<group>"; };
		AB70BA1028B48E3400DF09B0 /* SoldViewController.swift */ = {isa = PBXFileReference; lastKnownFileType = sourcecode.swift; path = SoldViewController.swift; sourceTree = "<group>"; };
		AB70BA1328B4979C00DF09B0 /* SellingProductTableViewCell.swift */ = {isa = PBXFileReference; lastKnownFileType = sourcecode.swift; path = SellingProductTableViewCell.swift; sourceTree = "<group>"; };
		AB70BA1428B4979C00DF09B0 /* SellingProductTableViewCell.xib */ = {isa = PBXFileReference; lastKnownFileType = file.xib; path = SellingProductTableViewCell.xib; sourceTree = "<group>"; };
		AB70BA1928B4A0F800DF09B0 /* TapMyResponse.swift */ = {isa = PBXFileReference; lastKnownFileType = sourcecode.swift; path = TapMyResponse.swift; sourceTree = "<group>"; };
		AB70BA1B28B4A18F00DF09B0 /* TapMyDataManager.swift */ = {isa = PBXFileReference; lastKnownFileType = sourcecode.swift; path = TapMyDataManager.swift; sourceTree = "<group>"; };
		AB70FB4628B0C2D300023D90 /* TabHomeViewController.swift */ = {isa = PBXFileReference; lastKnownFileType = sourcecode.swift; path = TabHomeViewController.swift; sourceTree = "<group>"; };
		AB70FB4828B0C2EA00023D90 /* TabFirstViewController.swift */ = {isa = PBXFileReference; lastKnownFileType = sourcecode.swift; path = TabFirstViewController.swift; sourceTree = "<group>"; };
		AB70FB4A28B0C2F600023D90 /* TabSecondViewController.swift */ = {isa = PBXFileReference; lastKnownFileType = sourcecode.swift; path = TabSecondViewController.swift; sourceTree = "<group>"; };
		AB70FB4D28B0CA4300023D90 /* ProductCollectionViewCell.swift */ = {isa = PBXFileReference; lastKnownFileType = sourcecode.swift; path = ProductCollectionViewCell.swift; sourceTree = "<group>"; };
		AB70FB4E28B0CA4300023D90 /* ProductCollectionViewCell.xib */ = {isa = PBXFileReference; lastKnownFileType = file.xib; path = ProductCollectionViewCell.xib; sourceTree = "<group>"; };
		AB916B2F28B35DFB00FFC68F /* LabelPageIndicator.swift */ = {isa = PBXFileReference; lastKnownFileType = sourcecode.swift; path = LabelPageIndicator.swift; sourceTree = "<group>"; };
		AB916B3528B38DA800FFC68F /* ViewItemResponse.swift */ = {isa = PBXFileReference; lastKnownFileType = sourcecode.swift; path = ViewItemResponse.swift; sourceTree = "<group>"; };
		ABB0338E28B1F66500813620 /* ProductDetailViewController.swift */ = {isa = PBXFileReference; lastKnownFileType = sourcecode.swift; path = ProductDetailViewController.swift; sourceTree = "<group>"; };
		ABBA72A328B5DFDD00C92991 /* SearchResultViewController.swift */ = {isa = PBXFileReference; lastKnownFileType = sourcecode.swift; path = SearchResultViewController.swift; sourceTree = "<group>"; };
		ABBA72A628B608B100C92991 /* SearchItemResponse.swift */ = {isa = PBXFileReference; lastKnownFileType = sourcecode.swift; path = SearchItemResponse.swift; sourceTree = "<group>"; };
		ABBA72A928B60A0500C92991 /* SearchItemDataManager.swift */ = {isa = PBXFileReference; lastKnownFileType = sourcecode.swift; path = SearchItemDataManager.swift; sourceTree = "<group>"; };
		ABBA72AB28B60BEB00C92991 /* String.swift */ = {isa = PBXFileReference; lastKnownFileType = sourcecode.swift; path = String.swift; sourceTree = "<group>"; };
		ABBA72AF28B61E9E00C92991 /* OptionFilterViewController.swift */ = {isa = PBXFileReference; lastKnownFileType = sourcecode.swift; path = OptionFilterViewController.swift; sourceTree = "<group>"; };
		ABBA72B128B6441B00C92991 /* BrandListViewController.swift */ = {isa = PBXFileReference; lastKnownFileType = sourcecode.swift; path = BrandListViewController.swift; sourceTree = "<group>"; };
		ABBA72B328B65B5800C92991 /* LoginViewController.swift */ = {isa = PBXFileReference; lastKnownFileType = sourcecode.swift; path = LoginViewController.swift; sourceTree = "<group>"; };
		ABE1C93528B67266009E5EB1 /* UIColor.swift */ = {isa = PBXFileReference; lastKnownFileType = sourcecode.swift; path = UIColor.swift; sourceTree = "<group>"; };
		ABE1C93B28B69393009E5EB1 /* ViewStoreResponse.swift */ = {isa = PBXFileReference; lastKnownFileType = sourcecode.swift; path = ViewStoreResponse.swift; sourceTree = "<group>"; };
		CE161FE9BDC81E7C980CD2E4 /* Pods_Bunjang.framework */ = {isa = PBXFileReference; explicitFileType = wrapper.framework; includeInIndex = 0; path = Pods_Bunjang.framework; sourceTree = BUILT_PRODUCTS_DIR; };
/* End PBXFileReference section */

/* Begin PBXFrameworksBuildPhase section */
		AB578D5A28B0A3EB00A00161 /* Frameworks */ = {
			isa = PBXFrameworksBuildPhase;
			buildActionMask = 2147483647;
			files = (
				4A684C024BEA8BD7B2FB27E4 /* Pods_Bunjang.framework in Frameworks */,
			);
			runOnlyForDeploymentPostprocessing = 0;
		};
/* End PBXFrameworksBuildPhase section */

/* Begin PBXGroup section */
		1616BA35ECE7DC9FDC7A61DE /* Frameworks */ = {
			isa = PBXGroup;
			children = (
				CE161FE9BDC81E7C980CD2E4 /* Pods_Bunjang.framework */,
			);
			name = Frameworks;
			sourceTree = "<group>";
		};
		5C3A96736DAAEB9C2E7B5AD1 /* Pods */ = {
			isa = PBXGroup;
			children = (
				948260AFFE075CAB8FE22A5C /* Pods-Bunjang.debug.xcconfig */,
				0ACF7A8F5B79609CA6F7B8E1 /* Pods-Bunjang.release.xcconfig */,
			);
			path = Pods;
			sourceTree = "<group>";
		};
		AB0039C128B21AFB009932D8 /* Extension */ = {
			isa = PBXGroup;
			children = (
				AB0039C228B21B06009932D8 /* UIButton.swift */,
				AB0039CD28B24AC1009932D8 /* UITextField.swift */,
				AB916B2F28B35DFB00FFC68F /* LabelPageIndicator.swift */,
				ABBA72AB28B60BEB00C92991 /* String.swift */,
				ABE1C93528B67266009E5EB1 /* UIColor.swift */,
			);
			path = Extension;
			sourceTree = "<group>";
		};
		AB0039C428B22AB8009932D8 /* Add */ = {
			isa = PBXGroup;
			children = (
				AB0039CF28B2589E009932D8 /* AddViewController.swift */,
				AB0039D128B2714D009932D8 /* OptionViewController.swift */,
				AB0039D828B2889B009932D8 /* Cell */,
				AB0039D328B281C1009932D8 /* Entity */,
				AB0039D628B2872A009932D8 /* CategoryViewController.swift */,
			);
			path = Add;
			sourceTree = "<group>";
		};
		AB0039D328B281C1009932D8 /* Entity */ = {
			isa = PBXGroup;
			children = (
				AB0039D428B281DA009932D8 /* Option.swift */,
			);
			path = Entity;
			sourceTree = "<group>";
		};
		AB0039D828B2889B009932D8 /* Cell */ = {
			isa = PBXGroup;
			children = (
				AB0039D928B288C5009932D8 /* CategoryTableViewCell.swift */,
				AB0039DA28B288C5009932D8 /* CategoryTableViewCell.xib */,
				AB425CB828B51E5200A37FEF /* ExtraTableViewCell.swift */,
				AB425CB928B51E5200A37FEF /* ExtraTableViewCell.xib */,
			);
			path = Cell;
			sourceTree = "<group>";
		};
		AB16402928B1C68E0085CEC5 /* Search */ = {
			isa = PBXGroup;
			children = (
				AB27EE4228B1C71400278C4D /* SearchViewController.swift */,
				ABBA72A328B5DFDD00C92991 /* SearchResultViewController.swift */,
				ABBA72AF28B61E9E00C92991 /* OptionFilterViewController.swift */,
				ABBA72A828B609EF00C92991 /* DataManager */,
				ABBA72A528B607DA00C92991 /* Entity */,
			);
			path = Search;
			sourceTree = "<group>";
		};
		AB31E6E528B544F500A54D82 /* Entity */ = {
			isa = PBXGroup;
			children = (
				AB31E6E628B5450800A54D82 /* SignInRequest.swift */,
				AB31E6EB28B549DC00A54D82 /* SignInResponse.swift */,
			);
			path = Entity;
			sourceTree = "<group>";
		};
		AB31E6E828B546BB00A54D82 /* DataManager */ = {
			isa = PBXGroup;
			children = (
				AB31E6E928B5472A00A54D82 /* SignInDataManager.swift */,
			);
			path = DataManager;
			sourceTree = "<group>";
		};
		AB31E6ED28B5C23100A54D82 /* ProductDetail */ = {
			isa = PBXGroup;
			children = (
				ABE1C93A28B6937C009E5EB1 /* DataManager */,
				ABE1C93928B69377009E5EB1 /* Entity */,
				ABB0338E28B1F66500813620 /* ProductDetailViewController.swift */,
			);
			path = ProductDetail;
			sourceTree = "<group>";
		};
		AB425CBC28B522C000A37FEF /* Login */ = {
			isa = PBXGroup;
			children = (
				AB425CBD28B5230700A37FEF /* FirstLoginViewController.swift */,
				AB31E6DA28B52CA600A54D82 /* SecondLoginViewController.swift */,
				AB31E6DE28B52EEF00A54D82 /* LoginOptionViewController.swift */,
				ABBA72B328B65B5800C92991 /* LoginViewController.swift */,
				AB31E6E828B546BB00A54D82 /* DataManager */,
				AB31E6E528B544F500A54D82 /* Entity */,
			);
			path = Login;
			sourceTree = "<group>";
		};
		AB478E8328B66210002BE1CA /* Pay */ = {
			isa = PBXGroup;
			children = (
				AB478E8428B663CA002BE1CA /* TransactionOptionViewController.swift */,
			);
			path = Pay;
			sourceTree = "<group>";
		};
		AB578D5428B0A3EB00A00161 = {
			isa = PBXGroup;
			children = (
				AB578D5F28B0A3EB00A00161 /* Bunjang */,
				AB578D5E28B0A3EB00A00161 /* Products */,
				5C3A96736DAAEB9C2E7B5AD1 /* Pods */,
				1616BA35ECE7DC9FDC7A61DE /* Frameworks */,
			);
			sourceTree = "<group>";
		};
		AB578D5E28B0A3EB00A00161 /* Products */ = {
			isa = PBXGroup;
			children = (
				AB578D5D28B0A3EB00A00161 /* Bunjang.app */,
			);
			name = Products;
			sourceTree = "<group>";
		};
		AB578D5F28B0A3EB00A00161 /* Bunjang */ = {
			isa = PBXGroup;
			children = (
				AB578D7728B0A82A00A00161 /* Configuration */,
				AB578D7828B0A83000A00161 /* Util */,
				AB578D7928B0A83400A00161 /* Source */,
				AB578D6028B0A3EB00A00161 /* AppDelegate.swift */,
				AB578D6228B0A3EB00A00161 /* SceneDelegate.swift */,
				AB578D6C28B0A3EE00A00161 /* Assets.xcassets */,
				AB578D6E28B0A3EE00A00161 /* LaunchScreen.storyboard */,
				AB578D7128B0A3EE00A00161 /* Info.plist */,
				AB578D6928B0A3EB00A00161 /* Bunjang.xcdatamodeld */,
			);
			path = Bunjang;
			sourceTree = "<group>";
		};
		AB578D7728B0A82A00A00161 /* Configuration */ = {
			isa = PBXGroup;
			children = (
			);
			path = Configuration;
			sourceTree = "<group>";
		};
		AB578D7828B0A83000A00161 /* Util */ = {
			isa = PBXGroup;
			children = (
				AB0039C128B21AFB009932D8 /* Extension */,
			);
			path = Util;
			sourceTree = "<group>";
		};
		AB578D7928B0A83400A00161 /* Source */ = {
			isa = PBXGroup;
			children = (
				AB0039C728B22DB6009932D8 /* TabBarViewController.swift */,
				AB425CB228B4EC0300A37FEF /* AddNavigationViewController.swift */,
				AB425CB628B4ECED00A37FEF /* SearchNavigationViewController.swift */,
				AB578D6628B0A3EB00A00161 /* Main.storyboard */,
				AB425CBC28B522C000A37FEF /* Login */,
				AB578D7A28B0A87100A00161 /* Home */,
				AB31E6ED28B5C23100A54D82 /* ProductDetail */,
				AB16402928B1C68E0085CEC5 /* Search */,
				AB0039C428B22AB8009932D8 /* Add */,
				AB70BA0428B3BECF00DF09B0 /* MY */,
				AB478E8328B66210002BE1CA /* Pay */,
			);
			path = Source;
			sourceTree = "<group>";
		};
		AB578D7A28B0A87100A00161 /* Home */ = {
			isa = PBXGroup;
			children = (
				AB70FB4628B0C2D300023D90 /* TabHomeViewController.swift */,
				AB578D7B28B0A89400A00161 /* HomeViewController.swift */,
				AB916B3128B36C2700FFC68F /* Recommend */,
				AB916B3228B36C3200FFC68F /* Brand */,
				AB70FB4C28B0C9F800023D90 /* Cell */,
				AB578D8228B0AC8E00A00161 /* Entity */,
			);
			path = Home;
			sourceTree = "<group>";
		};
		AB578D8228B0AC8E00A00161 /* Entity */ = {
			isa = PBXGroup;
			children = (
				AB1A3A4928B11F78001E47C7 /* CategoryData.swift */,
			);
			path = Entity;
			sourceTree = "<group>";
		};
		AB70BA0428B3BECF00DF09B0 /* MY */ = {
			isa = PBXGroup;
			children = (
				AB70BA0528B3BF0700DF09B0 /* MyViewController.swift */,
				AB70BA0A28B48D5D00DF09B0 /* MyHomeViewController.swift */,
				AB425CB028B4CCA500A37FEF /* StateChangeViewController.swift */,
				AB70BA0728B48D0700DF09B0 /* Selling */,
				AB70BA0828B48D0C00DF09B0 /* Reserved */,
				AB70BA0928B48D3800DF09B0 /* Sold */,
				AB70BA1228B4977A00DF09B0 /* Cell */,
				AB70BA1728B4A0B200DF09B0 /* DataManager */,
				AB70BA1828B4A0C000DF09B0 /* Entity */,
			);
			path = MY;
			sourceTree = "<group>";
		};
		AB70BA0728B48D0700DF09B0 /* Selling */ = {
			isa = PBXGroup;
			children = (
				AB70BA0C28B48E0000DF09B0 /* SellingViewController.swift */,
			);
			path = Selling;
			sourceTree = "<group>";
		};
		AB70BA0828B48D0C00DF09B0 /* Reserved */ = {
			isa = PBXGroup;
			children = (
				AB70BA0E28B48E2A00DF09B0 /* ReservedViewController.swift */,
			);
			path = Reserved;
			sourceTree = "<group>";
		};
		AB70BA0928B48D3800DF09B0 /* Sold */ = {
			isa = PBXGroup;
			children = (
				AB70BA1028B48E3400DF09B0 /* SoldViewController.swift */,
			);
			path = Sold;
			sourceTree = "<group>";
		};
		AB70BA1228B4977A00DF09B0 /* Cell */ = {
			isa = PBXGroup;
			children = (
				AB70BA1328B4979C00DF09B0 /* SellingProductTableViewCell.swift */,
				AB70BA1428B4979C00DF09B0 /* SellingProductTableViewCell.xib */,
			);
			path = Cell;
			sourceTree = "<group>";
		};
		AB70BA1728B4A0B200DF09B0 /* DataManager */ = {
			isa = PBXGroup;
			children = (
				AB70BA1B28B4A18F00DF09B0 /* TapMyDataManager.swift */,
				AB0C294D28B698740054CCA2 /* ViewSaleListDataManager.swift */,
			);
			path = DataManager;
			sourceTree = "<group>";
		};
		AB70BA1828B4A0C000DF09B0 /* Entity */ = {
			isa = PBXGroup;
			children = (
				AB70BA1928B4A0F800DF09B0 /* TapMyResponse.swift */,
				AB0C294B28B6977F0054CCA2 /* ViewSaleListResponse.swift */,
			);
			path = Entity;
			sourceTree = "<group>";
		};
		AB70FB4C28B0C9F800023D90 /* Cell */ = {
			isa = PBXGroup;
			children = (
				AB70FB4D28B0CA4300023D90 /* ProductCollectionViewCell.swift */,
				AB70FB4E28B0CA4300023D90 /* ProductCollectionViewCell.xib */,
				AB3A4B1D28B0D6120071F9FF /* BannerCollectionViewCell.swift */,
				AB3A4B1E28B0D6120071F9FF /* BannerCollectionViewCell.xib */,
				AB3A4B2128B0DDDA0071F9FF /* CategoryCollectionViewCell.swift */,
				AB3A4B2228B0DDDA0071F9FF /* CategoryCollectionViewCell.xib */,
				AB16402128B1359D0085CEC5 /* BrandTableViewCell.swift */,
				AB16402228B1359D0085CEC5 /* BrandTableViewCell.xib */,
				AB16402528B138230085CEC5 /* SimpleProductCollectionViewCell.swift */,
				AB16402628B138230085CEC5 /* SimpleProductCollectionViewCell.xib */,
				AB4F161428B5CD0F0081386F /* TagCollectionViewCell.swift */,
				AB4F161528B5CD0F0081386F /* TagCollectionViewCell.xib */,
			);
			path = Cell;
			sourceTree = "<group>";
		};
		AB916B3128B36C2700FFC68F /* Recommend */ = {
			isa = PBXGroup;
			children = (
				AB70FB4828B0C2EA00023D90 /* TabFirstViewController.swift */,
				AB916B3428B38D9300FFC68F /* DataManager */,
				AB916B3328B38D7700FFC68F /* Entity */,
			);
			path = Recommend;
			sourceTree = "<group>";
		};
		AB916B3228B36C3200FFC68F /* Brand */ = {
			isa = PBXGroup;
			children = (
				AB70FB4A28B0C2F600023D90 /* TabSecondViewController.swift */,
				ABBA72B128B6441B00C92991 /* BrandListViewController.swift */,
			);
			path = Brand;
			sourceTree = "<group>";
		};
		AB916B3328B38D7700FFC68F /* Entity */ = {
			isa = PBXGroup;
			children = (
				AB916B3528B38DA800FFC68F /* ViewItemResponse.swift */,
			);
			path = Entity;
			sourceTree = "<group>";
		};
		AB916B3428B38D9300FFC68F /* DataManager */ = {
			isa = PBXGroup;
			children = (
				AB425CAE28B4B0C100A37FEF /* ViewItemDataManager.swift */,
			);
			path = DataManager;
			sourceTree = "<group>";
		};
		ABBA72A528B607DA00C92991 /* Entity */ = {
			isa = PBXGroup;
			children = (
				ABBA72A628B608B100C92991 /* SearchItemResponse.swift */,
			);
			path = Entity;
			sourceTree = "<group>";
		};
		ABBA72A828B609EF00C92991 /* DataManager */ = {
			isa = PBXGroup;
			children = (
				ABBA72A928B60A0500C92991 /* SearchItemDataManager.swift */,
			);
			path = DataManager;
			sourceTree = "<group>";
		};
		ABE1C93928B69377009E5EB1 /* Entity */ = {
			isa = PBXGroup;
			children = (
				ABE1C93B28B69393009E5EB1 /* ViewStoreResponse.swift */,
			);
			path = Entity;
			sourceTree = "<group>";
		};
		ABE1C93A28B6937C009E5EB1 /* DataManager */ = {
			isa = PBXGroup;
			children = (
			);
			path = DataManager;
			sourceTree = "<group>";
		};
/* End PBXGroup section */

/* Begin PBXNativeTarget section */
		AB578D5C28B0A3EB00A00161 /* Bunjang */ = {
			isa = PBXNativeTarget;
			buildConfigurationList = AB578D7428B0A3EE00A00161 /* Build configuration list for PBXNativeTarget "Bunjang" */;
			buildPhases = (
				729D0A0B91C400CCC62533EF /* [CP] Check Pods Manifest.lock */,
				AB578D5928B0A3EB00A00161 /* Sources */,
				AB578D5A28B0A3EB00A00161 /* Frameworks */,
				AB578D5B28B0A3EB00A00161 /* Resources */,
				2E5B45F3CE1B7D9795AE9156 /* [CP] Embed Pods Frameworks */,
			);
			buildRules = (
			);
			dependencies = (
			);
			name = Bunjang;
			productName = Bunjang;
			productReference = AB578D5D28B0A3EB00A00161 /* Bunjang.app */;
			productType = "com.apple.product-type.application";
		};
/* End PBXNativeTarget section */

/* Begin PBXProject section */
		AB578D5528B0A3EB00A00161 /* Project object */ = {
			isa = PBXProject;
			attributes = {
				BuildIndependentTargetsInParallel = 1;
				LastSwiftUpdateCheck = 1320;
				LastUpgradeCheck = 1320;
				TargetAttributes = {
					AB578D5C28B0A3EB00A00161 = {
						CreatedOnToolsVersion = 13.2.1;
					};
				};
			};
			buildConfigurationList = AB578D5828B0A3EB00A00161 /* Build configuration list for PBXProject "Bunjang" */;
			compatibilityVersion = "Xcode 13.0";
			developmentRegion = en;
			hasScannedForEncodings = 0;
			knownRegions = (
				en,
				Base,
			);
			mainGroup = AB578D5428B0A3EB00A00161;
			productRefGroup = AB578D5E28B0A3EB00A00161 /* Products */;
			projectDirPath = "";
			projectRoot = "";
			targets = (
				AB578D5C28B0A3EB00A00161 /* Bunjang */,
			);
		};
/* End PBXProject section */

/* Begin PBXResourcesBuildPhase section */
		AB578D5B28B0A3EB00A00161 /* Resources */ = {
			isa = PBXResourcesBuildPhase;
			buildActionMask = 2147483647;
			files = (
				AB3A4B2428B0DDDA0071F9FF /* CategoryCollectionViewCell.xib in Resources */,
				AB578D7028B0A3EE00A00161 /* LaunchScreen.storyboard in Resources */,
				AB425CBB28B51E5200A37FEF /* ExtraTableViewCell.xib in Resources */,
				AB578D6D28B0A3EE00A00161 /* Assets.xcassets in Resources */,
				AB0039DC28B288C5009932D8 /* CategoryTableViewCell.xib in Resources */,
				AB70FB5028B0CA4300023D90 /* ProductCollectionViewCell.xib in Resources */,
				AB16402428B1359D0085CEC5 /* BrandTableViewCell.xib in Resources */,
				AB70BA1628B4979C00DF09B0 /* SellingProductTableViewCell.xib in Resources */,
				AB578D6828B0A3EB00A00161 /* Main.storyboard in Resources */,
				AB4F161728B5CD0F0081386F /* TagCollectionViewCell.xib in Resources */,
				AB16402828B138230085CEC5 /* SimpleProductCollectionViewCell.xib in Resources */,
				AB3A4B2028B0D6120071F9FF /* BannerCollectionViewCell.xib in Resources */,
			);
			runOnlyForDeploymentPostprocessing = 0;
		};
/* End PBXResourcesBuildPhase section */

/* Begin PBXShellScriptBuildPhase section */
		2E5B45F3CE1B7D9795AE9156 /* [CP] Embed Pods Frameworks */ = {
			isa = PBXShellScriptBuildPhase;
			buildActionMask = 2147483647;
			files = (
			);
			inputFileListPaths = (
				"${PODS_ROOT}/Target Support Files/Pods-Bunjang/Pods-Bunjang-frameworks-${CONFIGURATION}-input-files.xcfilelist",
			);
			name = "[CP] Embed Pods Frameworks";
			outputFileListPaths = (
				"${PODS_ROOT}/Target Support Files/Pods-Bunjang/Pods-Bunjang-frameworks-${CONFIGURATION}-output-files.xcfilelist",
			);
			runOnlyForDeploymentPostprocessing = 0;
			shellPath = /bin/sh;
			shellScript = "\"${PODS_ROOT}/Target Support Files/Pods-Bunjang/Pods-Bunjang-frameworks.sh\"\n";
			showEnvVarsInLog = 0;
		};
		729D0A0B91C400CCC62533EF /* [CP] Check Pods Manifest.lock */ = {
			isa = PBXShellScriptBuildPhase;
			buildActionMask = 2147483647;
			files = (
			);
			inputFileListPaths = (
			);
			inputPaths = (
				"${PODS_PODFILE_DIR_PATH}/Podfile.lock",
				"${PODS_ROOT}/Manifest.lock",
			);
			name = "[CP] Check Pods Manifest.lock";
			outputFileListPaths = (
			);
			outputPaths = (
				"$(DERIVED_FILE_DIR)/Pods-Bunjang-checkManifestLockResult.txt",
			);
			runOnlyForDeploymentPostprocessing = 0;
			shellPath = /bin/sh;
			shellScript = "diff \"${PODS_PODFILE_DIR_PATH}/Podfile.lock\" \"${PODS_ROOT}/Manifest.lock\" > /dev/null\nif [ $? != 0 ] ; then\n    # print error to STDERR\n    echo \"error: The sandbox is not in sync with the Podfile.lock. Run 'pod install' or update your CocoaPods installation.\" >&2\n    exit 1\nfi\n# This output is used by Xcode 'outputs' to avoid re-running this script phase.\necho \"SUCCESS\" > \"${SCRIPT_OUTPUT_FILE_0}\"\n";
			showEnvVarsInLog = 0;
		};
/* End PBXShellScriptBuildPhase section */

/* Begin PBXSourcesBuildPhase section */
		AB578D5928B0A3EB00A00161 /* Sources */ = {
			isa = PBXSourcesBuildPhase;
			buildActionMask = 2147483647;
			files = (
				AB0C294E28B698740054CCA2 /* ViewSaleListDataManager.swift in Sources */,
				ABBA72AA28B60A0500C92991 /* SearchItemDataManager.swift in Sources */,
				AB3A4B1F28B0D6120071F9FF /* BannerCollectionViewCell.swift in Sources */,
				AB0039D228B2714D009932D8 /* OptionViewController.swift in Sources */,
				AB31E6EC28B549DC00A54D82 /* SignInResponse.swift in Sources */,
				AB916B3628B38DA800FFC68F /* ViewItemResponse.swift in Sources */,
				AB70BA1528B4979C00DF09B0 /* SellingProductTableViewCell.swift in Sources */,
				AB0039DB28B288C5009932D8 /* CategoryTableViewCell.swift in Sources */,
				AB70BA1128B48E3400DF09B0 /* SoldViewController.swift in Sources */,
				AB0C294C28B6977F0054CCA2 /* ViewSaleListResponse.swift in Sources */,
				AB16402328B1359D0085CEC5 /* BrandTableViewCell.swift in Sources */,
				AB425CB328B4EC0300A37FEF /* AddNavigationViewController.swift in Sources */,
				ABBA72A728B608B100C92991 /* SearchItemResponse.swift in Sources */,
				ABB0338F28B1F66500813620 /* ProductDetailViewController.swift in Sources */,
				ABE1C93C28B69393009E5EB1 /* ViewStoreResponse.swift in Sources */,
				AB0039C828B22DB6009932D8 /* TabBarViewController.swift in Sources */,
				AB0039C328B21B06009932D8 /* UIButton.swift in Sources */,
				AB4F161628B5CD0F0081386F /* TagCollectionViewCell.swift in Sources */,
				AB478E8528B663CA002BE1CA /* TransactionOptionViewController.swift in Sources */,
				AB70FB4B28B0C2F600023D90 /* TabSecondViewController.swift in Sources */,
				AB70BA1C28B4A18F00DF09B0 /* TapMyDataManager.swift in Sources */,
				AB31E6E728B5450800A54D82 /* SignInRequest.swift in Sources */,
				ABBA72AC28B60BEB00C92991 /* String.swift in Sources */,
				AB70FB4728B0C2D300023D90 /* TabHomeViewController.swift in Sources */,
				AB70BA0628B3BF0700DF09B0 /* MyViewController.swift in Sources */,
				AB70FB4F28B0CA4300023D90 /* ProductCollectionViewCell.swift in Sources */,
				AB578D6B28B0A3EC00A00161 /* Bunjang.xcdatamodeld in Sources */,
				AB31E6EA28B5472A00A54D82 /* SignInDataManager.swift in Sources */,
				ABBA72B428B65B5800C92991 /* LoginViewController.swift in Sources */,
				AB0039D028B2589E009932D8 /* AddViewController.swift in Sources */,
				AB70BA1A28B4A0F800DF09B0 /* TapMyResponse.swift in Sources */,
				AB0039CE28B24AC1009932D8 /* UITextField.swift in Sources */,
				ABBA72A428B5DFDD00C92991 /* SearchResultViewController.swift in Sources */,
				AB578D6128B0A3EB00A00161 /* AppDelegate.swift in Sources */,
				AB16402728B138230085CEC5 /* SimpleProductCollectionViewCell.swift in Sources */,
				AB425CBA28B51E5200A37FEF /* ExtraTableViewCell.swift in Sources */,
				AB70BA0B28B48D5D00DF09B0 /* MyHomeViewController.swift in Sources */,
				AB27EE4328B1C71400278C4D /* SearchViewController.swift in Sources */,
				AB425CB728B4ECED00A37FEF /* SearchNavigationViewController.swift in Sources */,
				AB70BA0D28B48E0000DF09B0 /* SellingViewController.swift in Sources */,
				AB3A4B2328B0DDDA0071F9FF /* CategoryCollectionViewCell.swift in Sources */,
				AB70BA0F28B48E2A00DF09B0 /* ReservedViewController.swift in Sources */,
				AB0039D528B281DA009932D8 /* Option.swift in Sources */,
				AB578D6328B0A3EB00A00161 /* SceneDelegate.swift in Sources */,
				ABBA72B028B61E9E00C92991 /* OptionFilterViewController.swift in Sources */,
				ABBA72B228B6441B00C92991 /* BrandListViewController.swift in Sources */,
				AB425CB128B4CCA500A37FEF /* StateChangeViewController.swift in Sources */,
				AB425CBE28B5230700A37FEF /* FirstLoginViewController.swift in Sources */,
				AB916B3028B35DFB00FFC68F /* LabelPageIndicator.swift in Sources */,
				AB31E6DF28B52EEF00A54D82 /* LoginOptionViewController.swift in Sources */,
				AB1A3A4A28B11F78001E47C7 /* CategoryData.swift in Sources */,
				AB578D7C28B0A89400A00161 /* HomeViewController.swift in Sources */,
				ABE1C93628B67266009E5EB1 /* UIColor.swift in Sources */,
				AB0039D728B2872A009932D8 /* CategoryViewController.swift in Sources */,
				AB70FB4928B0C2EA00023D90 /* TabFirstViewController.swift in Sources */,
				AB425CAF28B4B0C100A37FEF /* ViewItemDataManager.swift in Sources */,
				AB31E6DB28B52CA600A54D82 /* SecondLoginViewController.swift in Sources */,
			);
			runOnlyForDeploymentPostprocessing = 0;
		};
/* End PBXSourcesBuildPhase section */

/* Begin PBXVariantGroup section */
		AB578D6628B0A3EB00A00161 /* Main.storyboard */ = {
			isa = PBXVariantGroup;
			children = (
				AB578D6728B0A3EB00A00161 /* Base */,
			);
			name = Main.storyboard;
			sourceTree = "<group>";
		};
		AB578D6E28B0A3EE00A00161 /* LaunchScreen.storyboard */ = {
			isa = PBXVariantGroup;
			children = (
				AB578D6F28B0A3EE00A00161 /* Base */,
			);
			name = LaunchScreen.storyboard;
			sourceTree = "<group>";
		};
/* End PBXVariantGroup section */

/* Begin XCBuildConfiguration section */
		AB578D7228B0A3EE00A00161 /* Debug */ = {
			isa = XCBuildConfiguration;
			buildSettings = {
				ALWAYS_SEARCH_USER_PATHS = NO;
				CLANG_ANALYZER_NONNULL = YES;
				CLANG_ANALYZER_NUMBER_OBJECT_CONVERSION = YES_AGGRESSIVE;
				CLANG_CXX_LANGUAGE_STANDARD = "gnu++17";
				CLANG_CXX_LIBRARY = "libc++";
				CLANG_ENABLE_MODULES = YES;
				CLANG_ENABLE_OBJC_ARC = YES;
				CLANG_ENABLE_OBJC_WEAK = YES;
				CLANG_WARN_BLOCK_CAPTURE_AUTORELEASING = YES;
				CLANG_WARN_BOOL_CONVERSION = YES;
				CLANG_WARN_COMMA = YES;
				CLANG_WARN_CONSTANT_CONVERSION = YES;
				CLANG_WARN_DEPRECATED_OBJC_IMPLEMENTATIONS = YES;
				CLANG_WARN_DIRECT_OBJC_ISA_USAGE = YES_ERROR;
				CLANG_WARN_DOCUMENTATION_COMMENTS = YES;
				CLANG_WARN_EMPTY_BODY = YES;
				CLANG_WARN_ENUM_CONVERSION = YES;
				CLANG_WARN_INFINITE_RECURSION = YES;
				CLANG_WARN_INT_CONVERSION = YES;
				CLANG_WARN_NON_LITERAL_NULL_CONVERSION = YES;
				CLANG_WARN_OBJC_IMPLICIT_RETAIN_SELF = YES;
				CLANG_WARN_OBJC_LITERAL_CONVERSION = YES;
				CLANG_WARN_OBJC_ROOT_CLASS = YES_ERROR;
				CLANG_WARN_QUOTED_INCLUDE_IN_FRAMEWORK_HEADER = YES;
				CLANG_WARN_RANGE_LOOP_ANALYSIS = YES;
				CLANG_WARN_STRICT_PROTOTYPES = YES;
				CLANG_WARN_SUSPICIOUS_MOVE = YES;
				CLANG_WARN_UNGUARDED_AVAILABILITY = YES_AGGRESSIVE;
				CLANG_WARN_UNREACHABLE_CODE = YES;
				CLANG_WARN__DUPLICATE_METHOD_MATCH = YES;
				COPY_PHASE_STRIP = NO;
				DEBUG_INFORMATION_FORMAT = dwarf;
				ENABLE_STRICT_OBJC_MSGSEND = YES;
				ENABLE_TESTABILITY = YES;
				GCC_C_LANGUAGE_STANDARD = gnu11;
				GCC_DYNAMIC_NO_PIC = NO;
				GCC_NO_COMMON_BLOCKS = YES;
				GCC_OPTIMIZATION_LEVEL = 0;
				GCC_PREPROCESSOR_DEFINITIONS = (
					"DEBUG=1",
					"$(inherited)",
				);
				GCC_WARN_64_TO_32_BIT_CONVERSION = YES;
				GCC_WARN_ABOUT_RETURN_TYPE = YES_ERROR;
				GCC_WARN_UNDECLARED_SELECTOR = YES;
				GCC_WARN_UNINITIALIZED_AUTOS = YES_AGGRESSIVE;
				GCC_WARN_UNUSED_FUNCTION = YES;
				GCC_WARN_UNUSED_VARIABLE = YES;
				IPHONEOS_DEPLOYMENT_TARGET = 15.2;
				MTL_ENABLE_DEBUG_INFO = INCLUDE_SOURCE;
				MTL_FAST_MATH = YES;
				ONLY_ACTIVE_ARCH = YES;
				SDKROOT = iphoneos;
				SWIFT_ACTIVE_COMPILATION_CONDITIONS = DEBUG;
				SWIFT_OPTIMIZATION_LEVEL = "-Onone";
			};
			name = Debug;
		};
		AB578D7328B0A3EE00A00161 /* Release */ = {
			isa = XCBuildConfiguration;
			buildSettings = {
				ALWAYS_SEARCH_USER_PATHS = NO;
				CLANG_ANALYZER_NONNULL = YES;
				CLANG_ANALYZER_NUMBER_OBJECT_CONVERSION = YES_AGGRESSIVE;
				CLANG_CXX_LANGUAGE_STANDARD = "gnu++17";
				CLANG_CXX_LIBRARY = "libc++";
				CLANG_ENABLE_MODULES = YES;
				CLANG_ENABLE_OBJC_ARC = YES;
				CLANG_ENABLE_OBJC_WEAK = YES;
				CLANG_WARN_BLOCK_CAPTURE_AUTORELEASING = YES;
				CLANG_WARN_BOOL_CONVERSION = YES;
				CLANG_WARN_COMMA = YES;
				CLANG_WARN_CONSTANT_CONVERSION = YES;
				CLANG_WARN_DEPRECATED_OBJC_IMPLEMENTATIONS = YES;
				CLANG_WARN_DIRECT_OBJC_ISA_USAGE = YES_ERROR;
				CLANG_WARN_DOCUMENTATION_COMMENTS = YES;
				CLANG_WARN_EMPTY_BODY = YES;
				CLANG_WARN_ENUM_CONVERSION = YES;
				CLANG_WARN_INFINITE_RECURSION = YES;
				CLANG_WARN_INT_CONVERSION = YES;
				CLANG_WARN_NON_LITERAL_NULL_CONVERSION = YES;
				CLANG_WARN_OBJC_IMPLICIT_RETAIN_SELF = YES;
				CLANG_WARN_OBJC_LITERAL_CONVERSION = YES;
				CLANG_WARN_OBJC_ROOT_CLASS = YES_ERROR;
				CLANG_WARN_QUOTED_INCLUDE_IN_FRAMEWORK_HEADER = YES;
				CLANG_WARN_RANGE_LOOP_ANALYSIS = YES;
				CLANG_WARN_STRICT_PROTOTYPES = YES;
				CLANG_WARN_SUSPICIOUS_MOVE = YES;
				CLANG_WARN_UNGUARDED_AVAILABILITY = YES_AGGRESSIVE;
				CLANG_WARN_UNREACHABLE_CODE = YES;
				CLANG_WARN__DUPLICATE_METHOD_MATCH = YES;
				COPY_PHASE_STRIP = NO;
				DEBUG_INFORMATION_FORMAT = "dwarf-with-dsym";
				ENABLE_NS_ASSERTIONS = NO;
				ENABLE_STRICT_OBJC_MSGSEND = YES;
				GCC_C_LANGUAGE_STANDARD = gnu11;
				GCC_NO_COMMON_BLOCKS = YES;
				GCC_WARN_64_TO_32_BIT_CONVERSION = YES;
				GCC_WARN_ABOUT_RETURN_TYPE = YES_ERROR;
				GCC_WARN_UNDECLARED_SELECTOR = YES;
				GCC_WARN_UNINITIALIZED_AUTOS = YES_AGGRESSIVE;
				GCC_WARN_UNUSED_FUNCTION = YES;
				GCC_WARN_UNUSED_VARIABLE = YES;
				IPHONEOS_DEPLOYMENT_TARGET = 15.2;
				MTL_ENABLE_DEBUG_INFO = NO;
				MTL_FAST_MATH = YES;
				SDKROOT = iphoneos;
				SWIFT_COMPILATION_MODE = wholemodule;
				SWIFT_OPTIMIZATION_LEVEL = "-O";
				VALIDATE_PRODUCT = YES;
			};
			name = Release;
		};
		AB578D7528B0A3EE00A00161 /* Debug */ = {
			isa = XCBuildConfiguration;
			baseConfigurationReference = 948260AFFE075CAB8FE22A5C /* Pods-Bunjang.debug.xcconfig */;
			buildSettings = {
				ASSETCATALOG_COMPILER_APPICON_NAME = AppIcon;
				ASSETCATALOG_COMPILER_GLOBAL_ACCENT_COLOR_NAME = AccentColor;
				CODE_SIGN_STYLE = Automatic;
				CURRENT_PROJECT_VERSION = 1;
				DEVELOPMENT_TEAM = N3H5YNSQ64;
				GENERATE_INFOPLIST_FILE = YES;
				INFOPLIST_FILE = Bunjang/Info.plist;
				INFOPLIST_KEY_UIApplicationSupportsIndirectInputEvents = YES;
				INFOPLIST_KEY_UILaunchStoryboardName = LaunchScreen;
				INFOPLIST_KEY_UIMainStoryboardFile = Main;
				INFOPLIST_KEY_UISupportedInterfaceOrientations_iPad = "UIInterfaceOrientationPortrait UIInterfaceOrientationPortraitUpsideDown UIInterfaceOrientationLandscapeLeft UIInterfaceOrientationLandscapeRight";
				INFOPLIST_KEY_UISupportedInterfaceOrientations_iPhone = "UIInterfaceOrientationPortrait UIInterfaceOrientationLandscapeLeft UIInterfaceOrientationLandscapeRight";
				LD_RUNPATH_SEARCH_PATHS = (
					"$(inherited)",
					"@executable_path/Frameworks",
				);
				MARKETING_VERSION = 1.0;
				PRODUCT_BUNDLE_IDENTIFIER = min.Bunjang;
				PRODUCT_NAME = "$(TARGET_NAME)";
				SWIFT_EMIT_LOC_STRINGS = YES;
				SWIFT_VERSION = 5.0;
				TARGETED_DEVICE_FAMILY = "1,2";
			};
			name = Debug;
		};
		AB578D7628B0A3EE00A00161 /* Release */ = {
			isa = XCBuildConfiguration;
			baseConfigurationReference = 0ACF7A8F5B79609CA6F7B8E1 /* Pods-Bunjang.release.xcconfig */;
			buildSettings = {
				ASSETCATALOG_COMPILER_APPICON_NAME = AppIcon;
				ASSETCATALOG_COMPILER_GLOBAL_ACCENT_COLOR_NAME = AccentColor;
				CODE_SIGN_STYLE = Automatic;
				CURRENT_PROJECT_VERSION = 1;
				DEVELOPMENT_TEAM = N3H5YNSQ64;
				GENERATE_INFOPLIST_FILE = YES;
				INFOPLIST_FILE = Bunjang/Info.plist;
				INFOPLIST_KEY_UIApplicationSupportsIndirectInputEvents = YES;
				INFOPLIST_KEY_UILaunchStoryboardName = LaunchScreen;
				INFOPLIST_KEY_UIMainStoryboardFile = Main;
				INFOPLIST_KEY_UISupportedInterfaceOrientations_iPad = "UIInterfaceOrientationPortrait UIInterfaceOrientationPortraitUpsideDown UIInterfaceOrientationLandscapeLeft UIInterfaceOrientationLandscapeRight";
				INFOPLIST_KEY_UISupportedInterfaceOrientations_iPhone = "UIInterfaceOrientationPortrait UIInterfaceOrientationLandscapeLeft UIInterfaceOrientationLandscapeRight";
				LD_RUNPATH_SEARCH_PATHS = (
					"$(inherited)",
					"@executable_path/Frameworks",
				);
				MARKETING_VERSION = 1.0;
				PRODUCT_BUNDLE_IDENTIFIER = min.Bunjang;
				PRODUCT_NAME = "$(TARGET_NAME)";
				SWIFT_EMIT_LOC_STRINGS = YES;
				SWIFT_VERSION = 5.0;
				TARGETED_DEVICE_FAMILY = "1,2";
			};
			name = Release;
		};
/* End XCBuildConfiguration section */

/* Begin XCConfigurationList section */
		AB578D5828B0A3EB00A00161 /* Build configuration list for PBXProject "Bunjang" */ = {
			isa = XCConfigurationList;
			buildConfigurations = (
				AB578D7228B0A3EE00A00161 /* Debug */,
				AB578D7328B0A3EE00A00161 /* Release */,
			);
			defaultConfigurationIsVisible = 0;
			defaultConfigurationName = Release;
		};
		AB578D7428B0A3EE00A00161 /* Build configuration list for PBXNativeTarget "Bunjang" */ = {
			isa = XCConfigurationList;
			buildConfigurations = (
				AB578D7528B0A3EE00A00161 /* Debug */,
				AB578D7628B0A3EE00A00161 /* Release */,
			);
			defaultConfigurationIsVisible = 0;
			defaultConfigurationName = Release;
		};
/* End XCConfigurationList section */

/* Begin XCVersionGroup section */
		AB578D6928B0A3EB00A00161 /* Bunjang.xcdatamodeld */ = {
			isa = XCVersionGroup;
			children = (
				AB578D6A28B0A3EB00A00161 /* Bunjang.xcdatamodel */,
			);
			currentVersion = AB578D6A28B0A3EB00A00161 /* Bunjang.xcdatamodel */;
			path = Bunjang.xcdatamodeld;
			sourceTree = "<group>";
			versionGroupType = wrapper.xcdatamodel;
		};
/* End XCVersionGroup section */
	};
	rootObject = AB578D5528B0A3EB00A00161 /* Project object */;
}
